<?xml version="1.0" encoding="utf-8"?>
<Project ToolsVersion="4.0" xmlns="http://schemas.microsoft.com/developer/msbuild/2003">
  <ItemGroup>
    <Filter Include="Fandango">
      <UniqueIdentifier>{A39E6448-8F6B-BF53-B884-ADFBA4B0F4E1}</UniqueIdentifier>
    </Filter>
    <Filter Include="Fandango\DebugUI">
      <UniqueIdentifier>{D71CB52A-C315-D47C-EC47-B901D89FB388}</UniqueIdentifier>
    </Filter>
    <Filter Include="Fandango\Events">
      <UniqueIdentifier>{2715A74A-93A0-140F-9CB1-970308BC700F}</UniqueIdentifier>
    </Filter>
    <Filter Include="Fandango\Platform">
      <UniqueIdentifier>{5702DFAC-C318-DD42-0C90-686478E5ADCA}</UniqueIdentifier>
    </Filter>
    <Filter Include="Fandango\Platform\OpenGL">
      <UniqueIdentifier>{ABC3644C-97E8-B3CC-C033-995CACB7B2EA}</UniqueIdentifier>
    </Filter>
    <Filter Include="Fandango\Platform\Windows">
      <UniqueIdentifier>{91131931-FDD5-4CBB-4686-DB47B2872599}</UniqueIdentifier>
    </Filter>
    <Filter Include="Fandango\Renderer">
      <UniqueIdentifier>{A909BC87-1520-BA1D-5E97-453FCAEC8AA5}</UniqueIdentifier>
    </Filter>
  </ItemGroup>
  <ItemGroup>
    <ClInclude Include="src\Fandango.h" />
    <ClInclude Include="src\Fandango\Application.h">
      <Filter>Fandango</Filter>
    </ClInclude>
    <ClInclude Include="src\Fandango\Core.h">
      <Filter>Fandango</Filter>
    </ClInclude>
    <ClInclude Include="src\Fandango\DebugUI\DebugUILayer.h">
      <Filter>Fandango\DebugUI</Filter>
    </ClInclude>
    <ClInclude Include="src\Fandango\EntryPoint.h">
      <Filter>Fandango</Filter>
    </ClInclude>
    <ClInclude Include="src\Fandango\Events\ApplicationEvent.h">
      <Filter>Fandango\Events</Filter>
    </ClInclude>
    <ClInclude Include="src\Fandango\Events\Event.h">
      <Filter>Fandango\Events</Filter>
    </ClInclude>
    <ClInclude Include="src\Fandango\Events\JoystickEvents.h">
      <Filter>Fandango\Events</Filter>
    </ClInclude>
    <ClInclude Include="src\Fandango\Events\KeyEvent.h">
      <Filter>Fandango\Events</Filter>
    </ClInclude>
    <ClInclude Include="src\Fandango\Events\MouseEvent.h">
      <Filter>Fandango\Events</Filter>
    </ClInclude>
    <ClInclude Include="src\Fandango\Input.h">
      <Filter>Fandango</Filter>
    </ClInclude>
    <ClInclude Include="src\Fandango\KeyCodes.h">
      <Filter>Fandango</Filter>
    </ClInclude>
    <ClInclude Include="src\Fandango\Layer.h">
      <Filter>Fandango</Filter>
    </ClInclude>
    <ClInclude Include="src\Fandango\LayerStack.h">
      <Filter>Fandango</Filter>
    </ClInclude>
    <ClInclude Include="src\Fandango\Log.h">
      <Filter>Fandango</Filter>
    </ClInclude>
    <ClInclude Include="src\Fandango\MouseButtonCodes.h">
      <Filter>Fandango</Filter>
    </ClInclude>
    <ClInclude Include="src\Fandango\Platform\OpenGL\OpenGLBuffer.h">
      <Filter>Fandango\Platform\OpenGL</Filter>
    </ClInclude>
    <ClInclude Include="src\Fandango\Platform\OpenGL\OpenGLContext.h">
      <Filter>Fandango\Platform\OpenGL</Filter>
    </ClInclude>
    <ClInclude Include="src\Fandango\Platform\Windows\WindowsInput.h">
      <Filter>Fandango\Platform\Windows</Filter>
    </ClInclude>
    <ClInclude Include="src\Fandango\Platform\Windows\WindowsWindow.h">
      <Filter>Fandango\Platform\Windows</Filter>
    </ClInclude>
    <ClInclude Include="src\Fandango\Renderer\Buffer.h">
      <Filter>Fandango\Renderer</Filter>
    </ClInclude>
    <ClInclude Include="src\Fandango\Renderer\GraphicsContext.h">
      <Filter>Fandango\Renderer</Filter>
    </ClInclude>
    <ClInclude Include="src\Fandango\Renderer\Renderer.h">
      <Filter>Fandango\Renderer</Filter>
    </ClInclude>
    <ClInclude Include="src\Fandango\Renderer\Shader.h">
      <Filter>Fandango\Renderer</Filter>
    </ClInclude>
    <ClInclude Include="src\Fandango\Window.h">
      <Filter>Fandango</Filter>
    </ClInclude>
    <ClInclude Include="src\fndgpch.h" />
    <ClInclude Include="src\Fandango\Renderer\VertexArray.h">
      <Filter>Fandango\Renderer</Filter>
    </ClInclude>
    <ClInclude Include="src\Fandango\Platform\OpenGL\OpenGLVertexArray.h">
      <Filter>Fandango\Platform\OpenGL</Filter>
    </ClInclude>
    <ClInclude Include="src\Fandango\Platform\OpenGL\OpenGLShader.h">
      <Filter>Fandango\Platform\OpenGL</Filter>
    </ClInclude>
    <ClInclude Include="src\Fandango\Renderer\RendererAPI.h">
      <Filter>Fandango\Renderer</Filter>
    </ClInclude>
    <ClInclude Include="RenderCommand.h" />
    <ClInclude Include="src\Fandango\Renderer\RenderCommand.h">
      <Filter>Fandango\Renderer</Filter>
    </ClInclude>
    <ClInclude Include="src\Fandango\Platform\OpenGL\OpenGLRendererAPI.h">
      <Filter>Fandango\Platform\OpenGL</Filter>
    </ClInclude>
  </ItemGroup>
  <ItemGroup>
    <ClCompile Include="src\Fandango\Application.cpp">
      <Filter>Fandango</Filter>
    </ClCompile>
    <ClCompile Include="src\Fandango\DebugUI\DebugUILayer.cpp">
      <Filter>Fandango\DebugUI</Filter>
    </ClCompile>
    <ClCompile Include="src\Fandango\DebugUI\ImGuiBuild.cpp">
      <Filter>Fandango\DebugUI</Filter>
    </ClCompile>
    <ClCompile Include="src\Fandango\Layer.cpp">
      <Filter>Fandango</Filter>
    </ClCompile>
    <ClCompile Include="src\Fandango\LayerStack.cpp">
      <Filter>Fandango</Filter>
    </ClCompile>
    <ClCompile Include="src\Fandango\Log.cpp">
      <Filter>Fandango</Filter>
    </ClCompile>
    <ClCompile Include="src\Fandango\Platform\OpenGL\OpenGLBuffer.cpp">
      <Filter>Fandango\Platform\OpenGL</Filter>
    </ClCompile>
    <ClCompile Include="src\Fandango\Platform\OpenGL\OpenGLContext.cpp">
      <Filter>Fandango\Platform\OpenGL</Filter>
    </ClCompile>
    <ClCompile Include="src\Fandango\Platform\OpenGL\OpenGLShader.cpp">
      <Filter>Fandango\Platform\OpenGL</Filter>
    </ClCompile>
    <ClCompile Include="src\Fandango\Platform\Windows\WindowsInput.cpp">
      <Filter>Fandango\Platform\Windows</Filter>
    </ClCompile>
    <ClCompile Include="src\Fandango\Platform\Windows\WindowsWindow.cpp">
      <Filter>Fandango\Platform\Windows</Filter>
    </ClCompile>
    <ClCompile Include="src\Fandango\Renderer\Buffer.cpp">
      <Filter>Fandango\Renderer</Filter>
    </ClCompile>
    <ClCompile Include="src\Fandango\Renderer\Renderer.cpp">
      <Filter>Fandango\Renderer</Filter>
    </ClCompile>
    <ClCompile Include="src\Fandango\Renderer\Shader.cpp">
      <Filter>Fandango\Renderer</Filter>
    </ClCompile>
    <ClCompile Include="src\fndgpch.cpp" />
    <ClCompile Include="src\Fandango\Renderer\VertexArray.cpp">
      <Filter>Fandango\Renderer</Filter>
    </ClCompile>
    <ClCompile Include="src\Fandango\Platform\OpenGL\OpenGLVertexArray.cpp">
      <Filter>Fandango\Platform\OpenGL</Filter>
    </ClCompile>
    <ClCompile Include="src\Fandango\Renderer\RendererAPI.cpp">
      <Filter>Fandango\Renderer</Filter>
    </ClCompile>
    <ClCompile Include="src\Fandango\Renderer\RenderCommand.cpp">
      <Filter>Fandango\Renderer</Filter>
    </ClCompile>
    <ClCompile Include="src\Fandango\Platform\OpenGL\OpenGLRendererAPI.cpp">
      <Filter>Fandango\Platform\OpenGL</Filter>
    </ClCompile>
  </ItemGroup>
</Project>